// !$*UTF8*$!
{
	archiveVersion = 1;
	classes = {
	};
	objectVersion = 46;
	objects = {

/* Begin PBXBuildFile section */
		F63E431B1A9BB8E000343A10 /* main.m in Sources */ = {isa = PBXBuildFile; fileRef = F63E431A1A9BB8E000343A10 /* main.m */; };
		F63E431E1A9BB8E000343A10 /* AppDelegate.m in Sources */ = {isa = PBXBuildFile; fileRef = F63E431D1A9BB8E000343A10 /* AppDelegate.m */; };
		F63E43211A9BB8E000343A10 /* Framvi.xcdatamodeld in Sources */ = {isa = PBXBuildFile; fileRef = F63E431F1A9BB8E000343A10 /* Framvi.xcdatamodeld */; };
		F63E43241A9BB8E000343A10 /* ViewController.m in Sources */ = {isa = PBXBuildFile; fileRef = F63E43231A9BB8E000343A10 /* ViewController.m */; };
		F63E43271A9BB8E000343A10 /* Main.storyboard in Resources */ = {isa = PBXBuildFile; fileRef = F63E43251A9BB8E000343A10 /* Main.storyboard */; };
		F63E43291A9BB8E000343A10 /* Images.xcassets in Resources */ = {isa = PBXBuildFile; fileRef = F63E43281A9BB8E000343A10 /* Images.xcassets */; };
		F63E432C1A9BB8E000343A10 /* LaunchScreen.xib in Resources */ = {isa = PBXBuildFile; fileRef = F63E432A1A9BB8E000343A10 /* LaunchScreen.xib */; };
		F63E43381A9BB8E000343A10 /* FramviTests.m in Sources */ = {isa = PBXBuildFile; fileRef = F63E43371A9BB8E000343A10 /* FramviTests.m */; };
		F69B43F61AAA3CD700D8B9CF /* FirstTimeViewController.m in Sources */ = {isa = PBXBuildFile; fileRef = F69B43F51AAA3CD700D8B9CF /* FirstTimeViewController.m */; };
/* End PBXBuildFile section */

/* Begin PBXContainerItemProxy section */
		F63E43321A9BB8E000343A10 /* PBXContainerItemProxy */ = {
			isa = PBXContainerItemProxy;
			containerPortal = F63E430D1A9BB8E000343A10 /* Project object */;
			proxyType = 1;
			remoteGlobalIDString = F63E43141A9BB8E000343A10;
			remoteInfo = Framvi;
		};
/* End PBXContainerItemProxy section */

/* Begin PBXFileReference section */
		F63E43151A9BB8E000343A10 /* Framvi.app */ = {isa = PBXFileReference; explicitFileType = wrapper.application; includeInIndex = 0; path = Framvi.app; sourceTree = BUILT_PRODUCTS_DIR; };
		F63E43191A9BB8E000343A10 /* Info.plist */ = {isa = PBXFileReference; lastKnownFileType = text.plist.xml; path = Info.plist; sourceTree = "<group>"; };
		F63E431A1A9BB8E000343A10 /* main.m */ = {isa = PBXFileReference; lastKnownFileType = sourcecode.c.objc; path = main.m; sourceTree = "<group>"; };
		F63E431C1A9BB8E000343A10 /* AppDelegate.h */ = {isa = PBXFileReference; lastKnownFileType = sourcecode.c.h; path = AppDelegate.h; sourceTree = "<group>"; };
		F63E431D1A9BB8E000343A10 /* AppDelegate.m */ = {isa = PBXFileReference; lastKnownFileType = sourcecode.c.objc; path = AppDelegate.m; sourceTree = "<group>"; };
		F63E43201A9BB8E000343A10 /* Framvi.xcdatamodel */ = {isa = PBXFileReference; lastKnownFileType = wrapper.xcdatamodel; path = Framvi.xcdatamodel; sourceTree = "<group>"; };
		F63E43221A9BB8E000343A10 /* ViewController.h */ = {isa = PBXFileReference; lastKnownFileType = sourcecode.c.h; path = ViewController.h; sourceTree = "<group>"; };
		F63E43231A9BB8E000343A10 /* ViewController.m */ = {isa = PBXFileReference; lastKnownFileType = sourcecode.c.objc; path = ViewController.m; sourceTree = "<group>"; };
		F63E43261A9BB8E000343A10 /* Base */ = {isa = PBXFileReference; lastKnownFileType = file.storyboard; name = Base; path = Base.lproj/Main.storyboard; sourceTree = "<group>"; };
		F63E43281A9BB8E000343A10 /* Images.xcassets */ = {isa = PBXFileReference; lastKnownFileType = folder.assetcatalog; path = Images.xcassets; sourceTree = "<group>"; };
		F63E432B1A9BB8E000343A10 /* Base */ = {isa = PBXFileReference; lastKnownFileType = file.xib; name = Base; path = Base.lproj/LaunchScreen.xib; sourceTree = "<group>"; };
		F63E43311A9BB8E000343A10 /* FramviTests.xctest */ = {isa = PBXFileReference; explicitFileType = wrapper.cfbundle; includeInIndex = 0; path = FramviTests.xctest; sourceTree = BUILT_PRODUCTS_DIR; };
		F63E43361A9BB8E000343A10 /* Info.plist */ = {isa = PBXFileReference; lastKnownFileType = text.plist.xml; path = Info.plist; sourceTree = "<group>"; };
		F63E43371A9BB8E000343A10 /* FramviTests.m */ = {isa = PBXFileReference; lastKnownFileType = sourcecode.c.objc; path = FramviTests.m; sourceTree = "<group>"; };
		F69B43F41AAA3CD700D8B9CF /* FirstTimeViewController.h */ = {isa = PBXFileReference; fileEncoding = 4; lastKnownFileType = sourcecode.c.h; path = FirstTimeViewController.h; sourceTree = "<group>"; };
		F69B43F51AAA3CD700D8B9CF /* FirstTimeViewController.m */ = {isa = PBXFileReference; fileEncoding = 4; lastKnownFileType = sourcecode.c.objc; path = FirstTimeViewController.m; sourceTree = "<group>"; };
/* End PBXFileReference section */

/* Begin PBXFrameworksBuildPhase section */
		F63E43121A9BB8E000343A10 /* Frameworks */ = {
			isa = PBXFrameworksBuildPhase;
			buildActionMask = 2147483647;
			files = (
			);
			runOnlyForDeploymentPostprocessing = 0;
		};
		F63E432E1A9BB8E000343A10 /* Frameworks */ = {
			isa = PBXFrameworksBuildPhase;
			buildActionMask = 2147483647;
			files = (
			);
			runOnlyForDeploymentPostprocessing = 0;
		};
/* End PBXFrameworksBuildPhase section */

/* Begin PBXGroup section */
		F63E430C1A9BB8E000343A10 = {
			isa = PBXGroup;
			children = (
				F63E43171A9BB8E000343A10 /* Framvi */,
				F63E43341A9BB8E000343A10 /* FramviTests */,
				F63E43161A9BB8E000343A10 /* Products */,
			);
			sourceTree = "<group>";
		};
		F63E43161A9BB8E000343A10 /* Products */ = {
			isa = PBXGroup;
			children = (
				F63E43151A9BB8E000343A10 /* Framvi.app */,
				F63E43311A9BB8E000343A10 /* FramviTests.xctest */,
			);
			name = Products;
			sourceTree = "<group>";
		};
		F63E43171A9BB8E000343A10 /* Framvi */ = {
			isa = PBXGroup;
			children = (
				F63E431C1A9BB8E000343A10 /* AppDelegate.h */,
				F63E431D1A9BB8E000343A10 /* AppDelegate.m */,
				F63E43221A9BB8E000343A10 /* ViewController.h */,
				F63E43231A9BB8E000343A10 /* ViewController.m */,
				F69B43F41AAA3CD700D8B9CF /* FirstTimeViewController.h */,
				F69B43F51AAA3CD700D8B9CF /* FirstTimeViewController.m */,
				F63E43251A9BB8E000343A10 /* Main.storyboard */,
				F63E43281A9BB8E000343A10 /* Images.xcassets */,
				F63E432A1A9BB8E000343A10 /* LaunchScreen.xib */,
				F63E431F1A9BB8E000343A10 /* Framvi.xcdatamodeld */,
				F63E43181A9BB8E000343A10 /* Supporting Files */,
			);
			path = Framvi;
			sourceTree = "<group>";
		};
		F63E43181A9BB8E000343A10 /* Supporting Files */ = {
			isa = PBXGroup;
			children = (
				F63E43191A9BB8E000343A10 /* Info.plist */,
				F63E431A1A9BB8E000343A10 /* main.m */,
			);
			name = "Supporting Files";
			sourceTree = "<group>";
		};
		F63E43341A9BB8E000343A10 /* FramviTests */ = {
			isa = PBXGroup;
			children = (
				F63E43371A9BB8E000343A10 /* FramviTests.m */,
				F63E43351A9BB8E000343A10 /* Supporting Files */,
			);
			path = FramviTests;
			sourceTree = "<group>";
		};
		F63E43351A9BB8E000343A10 /* Supporting Files */ = {
			isa = PBXGroup;
			children = (
				F63E43361A9BB8E000343A10 /* Info.plist */,
			);
			name = "Supporting Files";
			sourceTree = "<group>";
		};
/* End PBXGroup section */

/* Begin PBXNativeTarget section */
		F63E43141A9BB8E000343A10 /* Framvi */ = {
			isa = PBXNativeTarget;
			buildConfigurationList = F63E433B1A9BB8E000343A10 /* Build configuration list for PBXNativeTarget "Framvi" */;
			buildPhases = (
				F63E43111A9BB8E000343A10 /* Sources */,
				F63E43121A9BB8E000343A10 /* Frameworks */,
				F63E43131A9BB8E000343A10 /* Resources */,
			);
			buildRules = (
			);
			dependencies = (
			);
			name = Framvi;
			productName = Framvi;
			productReference = F63E43151A9BB8E000343A10 /* Framvi.app */;
			productType = "com.apple.product-type.application";
		};
		F63E43301A9BB8E000343A10 /* FramviTests */ = {
			isa = PBXNativeTarget;
			buildConfigurationList = F63E433E1A9BB8E000343A10 /* Build configuration list for PBXNativeTarget "FramviTests" */;
			buildPhases = (
				F63E432D1A9BB8E000343A10 /* Sources */,
				F63E432E1A9BB8E000343A10 /* Frameworks */,
				F63E432F1A9BB8E000343A10 /* Resources */,
			);
			buildRules = (
			);
			dependencies = (
				F63E43331A9BB8E000343A10 /* PBXTargetDependency */,
			);
			name = FramviTests;
			productName = FramviTests;
			productReference = F63E43311A9BB8E000343A10 /* FramviTests.xctest */;
			productType = "com.apple.product-type.bundle.unit-test";
		};
/* End PBXNativeTarget section */

/* Begin PBXProject section */
		F63E430D1A9BB8E000343A10 /* Project object */ = {
			isa = PBXProject;
			attributes = {
				LastUpgradeCheck = 0610;
				ORGANIZATIONNAME = "Ramon Gilabert";
				TargetAttributes = {
					F63E43141A9BB8E000343A10 = {
						CreatedOnToolsVersion = 6.1.1;
					};
					F63E43301A9BB8E000343A10 = {
						CreatedOnToolsVersion = 6.1.1;
						TestTargetID = F63E43141A9BB8E000343A10;
					};
				};
			};
			buildConfigurationList = F63E43101A9BB8E000343A10 /* Build configuration list for PBXProject "Framvi" */;
			compatibilityVersion = "Xcode 3.2";
			developmentRegion = English;
			hasScannedForEncodings = 0;
			knownRegions = (
				en,
				Base,
			);
			mainGroup = F63E430C1A9BB8E000343A10;
			productRefGroup = F63E43161A9BB8E000343A10 /* Products */;
			projectDirPath = "";
			projectRoot = "";
			targets = (
				F63E43141A9BB8E000343A10 /* Framvi */,
				F63E43301A9BB8E000343A10 /* FramviTests */,
			);
		};
/* End PBXProject section */

/* Begin PBXResourcesBuildPhase section */
		F63E43131A9BB8E000343A10 /* Resources */ = {
			isa = PBXResourcesBuildPhase;
			buildActionMask = 2147483647;
			files = (
				F63E43271A9BB8E000343A10 /* Main.storyboard in Resources */,
				F63E432C1A9BB8E000343A10 /* LaunchScreen.xib in Resources */,
				F63E43291A9BB8E000343A10 /* Images.xcassets in Resources */,
			);
			runOnlyForDeploymentPostprocessing = 0;
		};
		F63E432F1A9BB8E000343A10 /* Resources */ = {
			isa = PBXResourcesBuildPhase;
			buildActionMask = 2147483647;
			files = (
			);
			runOnlyForDeploymentPostprocessing = 0;
		};
/* End PBXResourcesBuildPhase section */

/* Begin PBXSourcesBuildPhase section */
		F63E43111A9BB8E000343A10 /* Sources */ = {
			isa = PBXSourcesBuildPhase;
			buildActionMask = 2147483647;
			files = (
				F63E431E1A9BB8E000343A10 /* AppDelegate.m in Sources */,
				F63E431B1A9BB8E000343A10 /* main.m in Sources */,
				F63E43241A9BB8E000343A10 /* ViewController.m in Sources */,
				F63E43211A9BB8E000343A10 /* Framvi.xcdatamodeld in Sources */,
				F69B43F61AAA3CD700D8B9CF /* FirstTimeViewController.m in Sources */,
			);
			runOnlyForDeploymentPostprocessing = 0;
		};
		F63E432D1A9BB8E000343A10 /* Sources */ = {
			isa = PBXSourcesBuildPhase;
			buildActionMask = 2147483647;
			files = (
				F63E43381A9BB8E000343A10 /* FramviTests.m in Sources */,
			);
			runOnlyForDeploymentPostprocessing = 0;
		};
/* End PBXSourcesBuildPhase section */

/* Begin PBXTargetDependency section */
		F63E43331A9BB8E000343A10 /* PBXTargetDependency */ = {
			isa = PBXTargetDependency;
			target = F63E43141A9BB8E000343A10 /* Framvi */;
			targetProxy = F63E43321A9BB8E000343A10 /* PBXContainerItemProxy */;
		};
/* End PBXTargetDependency section */

/* Begin PBXVariantGroup section */
		F63E43251A9BB8E000343A10 /* Main.storyboard */ = {
			isa = PBXVariantGroup;
			children = (
				F63E43261A9BB8E000343A10 /* Base */,
			);
			name = Main.storyboard;
			sourceTree = "<group>";
		};
		F63E432A1A9BB8E000343A10 /* LaunchScreen.xib */ = {
			isa = PBXVariantGroup;
			children = (
				F63E432B1A9BB8E000343A10 /* Base */,
			);
			name = LaunchScreen.xib;
			sourceTree = "<group>";
		};
/* End PBXVariantGroup section */

/* Begin XCBuildConfiguration section */
		F63E43391A9BB8E000343A10 /* Debug */ = {
			isa = XCBuildConfiguration;
			buildSettings = {
				ALWAYS_SEARCH_USER_PATHS = NO;
				CLANG_CXX_LANGUAGE_STANDARD = "gnu++0x";
				CLANG_CXX_LIBRARY = "libc++";
				CLANG_ENABLE_MODULES = YES;
				CLANG_ENABLE_OBJC_ARC = YES;
				CLANG_WARN_BOOL_CONVERSION = YES;
				CLANG_WARN_CONSTANT_CONVERSION = YES;
				CLANG_WARN_DIRECT_OBJC_ISA_USAGE = YES_ERROR;
				CLANG_WARN_EMPTY_BODY = YES;
				CLANG_WARN_ENUM_CONVERSION = YES;
				CLANG_WARN_INT_CONVERSION = YES;
				CLANG_WARN_OBJC_ROOT_CLASS = YES_ERROR;
				CLANG_WARN_UNREACHABLE_CODE = YES;
				CLANG_WARN__DUPLICATE_METHOD_MATCH = YES;
				"CODE_SIGN_IDENTITY[sdk=iphoneos*]" = "iPhone Developer";
				COPY_PHASE_STRIP = NO;
				ENABLE_STRICT_OBJC_MSGSEND = YES;
				GCC_C_LANGUAGE_STANDARD = gnu99;
				GCC_DYNAMIC_NO_PIC = NO;
				GCC_OPTIMIZATION_LEVEL = 0;
				GCC_PREPROCESSOR_DEFINITIONS = (
					"DEBUG=1",
					"$(inherited)",
				);
				GCC_SYMBOLS_PRIVATE_EXTERN = NO;
				GCC_WARN_64_TO_32_BIT_CONVERSION = YES;
				GCC_WARN_ABOUT_RETURN_TYPE = YES_ERROR;
				GCC_WARN_UNDECLARED_SELECTOR = YES;
				GCC_WARN_UNINITIALIZED_AUTOS = YES_AGGRESSIVE;
				GCC_WARN_UNUSED_FUNCTION = YES;
				GCC_WARN_UNUSED_VARIABLE = YES;
				IPHONEOS_DEPLOYMENT_TARGET = 8.1;
				MTL_ENABLE_DEBUG_INFO = YES;
				ONLY_ACTIVE_ARCH = YES;
				SDKROOT = iphoneos;
			};
			name = Debug;
		};
		F63E433A1A9BB8E000343A10 /* Release */ = {
			isa = XCBuildConfiguration;
			buildSettings = {
				ALWAYS_SEARCH_USER_PATHS = NO;
				CLANG_CXX_LANGUAGE_STANDARD = "gnu++0x";
				CLANG_CXX_LIBRARY = "libc++";
				CLANG_ENABLE_MODULES = YES;
				CLANG_ENABLE_OBJC_ARC = YES;
				CLANG_WARN_BOOL_CONVERSION = YES;
				CLANG_WARN_CONSTANT_CONVERSION = YES;
				CLANG_WARN_DIRECT_OBJC_ISA_USAGE = YES_ERROR;
				CLANG_WARN_EMPTY_BODY = YES;
				CLANG_WARN_ENUM_CONVERSION = YES;
				CLANG_WARN_INT_CONVERSION = YES;
				CLANG_WARN_OBJC_ROOT_CLASS = YES_ERROR;
				CLANG_WARN_UNREACHABLE_CODE = YES;
				CLANG_WARN__DUPLICATE_METHOD_MATCH = YES;
				"CODE_SIGN_IDENTITY[sdk=iphoneos*]" = "iPhone Developer";
				COPY_PHASE_STRIP = YES;
				ENABLE_NS_ASSERTIONS = NO;
				ENABLE_STRICT_OBJC_MSGSEND = YES;
				GCC_C_LANGUAGE_STANDARD = gnu99;
				GCC_WARN_64_TO_32_BIT_CONVERSION = YES;
				GCC_WARN_ABOUT_RETURN_TYPE = YES_ERROR;
				GCC_WARN_UNDECLARED_SELECTOR = YES;
				GCC_WARN_UNINITIALIZED_AUTOS = YES_AGGRESSIVE;
				GCC_WARN_UNUSED_FUNCTION = YES;
				GCC_WARN_UNUSED_VARIABLE = YES;
				IPHONEOS_DEPLOYMENT_TARGET = 8.1;
				MTL_ENABLE_DEBUG_INFO = NO;
				SDKROOT = iphoneos;
				VALIDATE_PRODUCT = YES;
			};
			name = Release;
		};
		F63E433C1A9BB8E000343A10 /* Debug */ = {
			isa = XCBuildConfiguration;
			buildSettings = {
				ASSETCATALOG_COMPILER_APPICON_NAME = AppIcon;
				INFOPLIST_FILE = Framvi/Info.plist;
				LD_RUNPATH_SEARCH_PATHS = "$(inherited) @executable_path/Frameworks";
				PRODUCT_NAME = "$(TARGET_NAME)";
			};
			name = Debug;
		};
		F63E433D1A9BB8E000343A10 /* Release */ = {
			isa = XCBuildConfiguration;
			buildSettings = {
				ASSETCATALOG_COMPILER_APPICON_NAME = AppIcon;
				INFOPLIST_FILE = Framvi/Info.plist;
				LD_RUNPATH_SEARCH_PATHS = "$(inherited) @executable_path/Frameworks";
				PRODUCT_NAME = "$(TARGET_NAME)";
			};
			name = Release;
		};
		F63E433F1A9BB8E000343A10 /* Debug */ = {
			isa = XCBuildConfiguration;
			buildSettings = {
				BUNDLE_LOADER = "$(TEST_HOST)";
				FRAMEWORK_SEARCH_PATHS = (
					"$(SDKROOT)/Developer/Library/Frameworks",
					"$(inherited)",
				);
				GCC_PREPROCESSOR_DEFINITIONS = (
					"DEBUG=1",
					"$(inherited)",
				);
				INFOPLIST_FILE = FramviTests/Info.plist;
				LD_RUNPATH_SEARCH_PATHS = "$(inherited) @executable_path/Frameworks @loader_path/Frameworks";
				PRODUCT_NAME = "$(TARGET_NAME)";
				TEST_HOST = "$(BUILT_PRODUCTS_DIR)/Framvi.app/Framvi";
			};
			name = Debug;
		};
		F63E43401A9BB8E000343A10 /* Release */ = {
			isa = XCBuildConfiguration;
			buildSettings = {
				BUNDLE_LOADER = "$(TEST_HOST)";
				FRAMEWORK_SEARCH_PATHS = (
					"$(SDKROOT)/Developer/Library/Frameworks",
					"$(inherited)",
				);
				INFOPLIST_FILE = FramviTests/Info.plist;
				LD_RUNPATH_SEARCH_PATHS = "$(inherited) @executable_path/Frameworks @loader_path/Frameworks";
				PRODUCT_NAME = "$(TARGET_NAME)";
				TEST_HOST = "$(BUILT_PRODUCTS_DIR)/Framvi.app/Framvi";
			};
			name = Release;
		};
/* End XCBuildConfiguration section */

/* Begin XCConfigurationList section */
		F63E43101A9BB8E000343A10 /* Build configuration list for PBXProject "Framvi" */ = {
			isa = XCConfigurationList;
			buildConfigurations = (
				F63E43391A9BB8E000343A10 /* Debug */,
				F63E433A1A9BB8E000343A10 /* Release */,
			);
			defaultConfigurationIsVisible = 0;
			defaultConfigurationName = Release;
		};
		F63E433B1A9BB8E000343A10 /* Build configuration list for PBXNativeTarget "Framvi" */ = {
			isa = XCConfigurationList;
			buildConfigurations = (
				F63E433C1A9BB8E000343A10 /* Debug */,
				F63E433D1A9BB8E000343A10 /* Release */,
			);
			defaultConfigurationIsVisible = 0;
			defaultConfigurationName = Release;
		};
		F63E433E1A9BB8E000343A10 /* Build configuration list for PBXNativeTarget "FramviTests" */ = {
			isa = XCConfigurationList;
			buildConfigurations = (
				F63E433F1A9BB8E000343A10 /* Debug */,
				F63E43401A9BB8E000343A10 /* Release */,
			);
			defaultConfigurationIsVisible = 0;
			defaultConfigurationName = Release;
		};
/* End XCConfigurationList section */

/* Begin XCVersionGroup section */
		F63E431F1A9BB8E000343A10 /* Framvi.xcdatamodeld */ = {
			isa = XCVersionGroup;
			children = (
				F63E43201A9BB8E000343A10 /* Framvi.xcdatamodel */,
			);
			currentVersion = F63E43201A9BB8E000343A10 /* Framvi.xcdatamodel */;
			path = Framvi.xcdatamodeld;
			sourceTree = "<group>";
			versionGroupType = wrapper.xcdatamodel;
		};
/* End XCVersionGroup section */
	};
	rootObject = F63E430D1A9BB8E000343A10 /* Project object */;
}
